
Microsoft Visual Studio Solution File, Format Version 12.00
# Visual Studio 2012
Project("{FAE04EC0-301F-11D3-BF4B-00C04F79EFBC}") = "Exercices", "Exercices\Exercices.csproj", "{98FEF70F-A01B-4138-B0D7-22474C430547}"
EndProject
Global
	GlobalSection(SolutionConfigurationPlatforms) = preSolution
		Debug|Any CPU = Debug|Any CPU
		Release|Any CPU = Release|Any CPU
	EndGlobalSection
	GlobalSection(ProjectConfigurationPlatforms) = postSolution
		{98FEF70F-A01B-4138-B0D7-22474C430547}.Debug|Any CPU.ActiveCfg = Debug|Any CPU
		{98FEF70F-A01B-4138-B0D7-22474C430547}.Debug|Any CPU.Build.0 = Debug|Any CPU
		{98FEF70F-A01B-4138-B0D7-22474C430547}.Release|Any CPU.ActiveCfg = Release|Any CPU
		{98FEF70F-A01B-4138-B0D7-22474C430547}.Release|Any CPU.Build.0 = Release|Any CPU
	EndGlobalSection
	GlobalSection(SolutionProperties) = preSolution
		HideSolutionNode = FALSE
	EndGlobalSection
EndGlobal
